
Microsoft Visual Studio Solution File, Format Version 12.00
# Visual Studio Version 17
VisualStudioVersion = 17.7.34221.43
MinimumVisualStudioVersion = 10.0.40219.1
Project("{9A19103F-16F7-4668-BE54-9A1E7A4F7556}") = "CarRentalFYP", "CarRentalFYP\CarRentalFYP.csproj", "{B0F79642-863A-4371-A7D0-ADA8F2139892}"
EndProject
Project("{00D1A9C2-B5F0-4AF3-8072-F6C62B433612}") = "CarRentalDatabase", "CarRentalDatabase\CarRentalDatabase.sqlproj", "{8DF79C61-1C72-4270-A60D-4CDB6270E927}"
EndProject
Global
	GlobalSection(SolutionConfigurationPlatforms) = preSolution
		Debug|Any CPU = Debug|Any CPU
		Release|Any CPU = Release|Any CPU
	EndGlobalSection
	GlobalSection(ProjectConfigurationPlatforms) = postSolution
		{B0F79642-863A-4371-A7D0-ADA8F2139892}.Debug|Any CPU.ActiveCfg = Debug|Any CPU
		{B0F79642-863A-4371-A7D0-ADA8F2139892}.Debug|Any CPU.Build.0 = Debug|Any CPU
		{B0F79642-863A-4371-A7D0-ADA8F2139892}.Release|Any CPU.ActiveCfg = Release|Any CPU
		{B0F79642-863A-4371-A7D0-ADA8F2139892}.Release|Any CPU.Build.0 = Release|Any CPU
		{8DF79C61-1C72-4270-A60D-4CDB6270E927}.Debug|Any CPU.ActiveCfg = Debug|Any CPU
		{8DF79C61-1C72-4270-A60D-4CDB6270E927}.Debug|Any CPU.Build.0 = Debug|Any CPU
		{8DF79C61-1C72-4270-A60D-4CDB6270E927}.Debug|Any CPU.Deploy.0 = Debug|Any CPU
		{8DF79C61-1C72-4270-A60D-4CDB6270E927}.Release|Any CPU.ActiveCfg = Release|Any CPU
		{8DF79C61-1C72-4270-A60D-4CDB6270E927}.Release|Any CPU.Build.0 = Release|Any CPU
		{8DF79C61-1C72-4270-A60D-4CDB6270E927}.Release|Any CPU.Deploy.0 = Release|Any CPU
	EndGlobalSection
	GlobalSection(SolutionProperties) = preSolution
		HideSolutionNode = FALSE
	EndGlobalSection
	GlobalSection(ExtensibilityGlobals) = postSolution
		SolutionGuid = {A14233B9-1B78-41CA-A689-DD4D80DAC2F8}
	EndGlobalSection
EndGlobal
